// !$*UTF8*$!
{
	archiveVersion = 1;
	classes = {
	};
	objectVersion = 50;
	objects = {

/* Begin PBXBuildFile section */
		198678662608BE21006E9E4A /* MemoryCardsApp.swift in Sources */ = {isa = PBXBuildFile; fileRef = 198678652608BE21006E9E4A /* MemoryCardsApp.swift */; };
		1986786A2608BE25006E9E4A /* Assets.xcassets in Resources */ = {isa = PBXBuildFile; fileRef = 198678692608BE25006E9E4A /* Assets.xcassets */; };
		1986786D2608BE25006E9E4A /* Preview Assets.xcassets in Resources */ = {isa = PBXBuildFile; fileRef = 1986786C2608BE25006E9E4A /* Preview Assets.xcassets */; };
		1986786F2608BE25006E9E4A /* Persistence.swift in Sources */ = {isa = PBXBuildFile; fileRef = 1986786E2608BE25006E9E4A /* Persistence.swift */; };
		198678722608BE25006E9E4A /* MemoryCards.xcdatamodeld in Sources */ = {isa = PBXBuildFile; fileRef = 198678702608BE25006E9E4A /* MemoryCards.xcdatamodeld */; };
		1986787B2608BEA4006E9E4A /* HomeView.swift in Sources */ = {isa = PBXBuildFile; fileRef = 1986787A2608BEA4006E9E4A /* HomeView.swift */; };
		198678802608BF32006E9E4A /* Card.swift in Sources */ = {isa = PBXBuildFile; fileRef = 1986787F2608BF32006E9E4A /* Card.swift */; };
		198678842608BF6C006E9E4A /* CardSet.swift in Sources */ = {isa = PBXBuildFile; fileRef = 198678832608BF6C006E9E4A /* CardSet.swift */; };
		198678882608D189006E9E4A /* CardSetView.swift in Sources */ = {isa = PBXBuildFile; fileRef = 198678872608D189006E9E4A /* CardSetView.swift */; };
		19FA826A2608F1540084D68C /* CardSetDetailsView.swift in Sources */ = {isa = PBXBuildFile; fileRef = 19FA82692608F1540084D68C /* CardSetDetailsView.swift */; };
		19FA826F2608F18E0084D68C /* CardSetMock.swift in Sources */ = {isa = PBXBuildFile; fileRef = 19FA826E2608F18E0084D68C /* CardSetMock.swift */; };
		19FA82742608F1ED0084D68C /* String+Extensions.swift in Sources */ = {isa = PBXBuildFile; fileRef = 19FA82732608F1ED0084D68C /* String+Extensions.swift */; };
/* End PBXBuildFile section */

/* Begin PBXFileReference section */
		198678622608BE21006E9E4A /* MemoryCards.app */ = {isa = PBXFileReference; explicitFileType = wrapper.application; includeInIndex = 0; path = MemoryCards.app; sourceTree = BUILT_PRODUCTS_DIR; };
		198678652608BE21006E9E4A /* MemoryCardsApp.swift */ = {isa = PBXFileReference; lastKnownFileType = sourcecode.swift; path = MemoryCardsApp.swift; sourceTree = "<group>"; };
		198678692608BE25006E9E4A /* Assets.xcassets */ = {isa = PBXFileReference; lastKnownFileType = folder.assetcatalog; path = Assets.xcassets; sourceTree = "<group>"; };
		1986786C2608BE25006E9E4A /* Preview Assets.xcassets */ = {isa = PBXFileReference; lastKnownFileType = folder.assetcatalog; path = "Preview Assets.xcassets"; sourceTree = "<group>"; };
		1986786E2608BE25006E9E4A /* Persistence.swift */ = {isa = PBXFileReference; lastKnownFileType = sourcecode.swift; path = Persistence.swift; sourceTree = "<group>"; };
		198678712608BE25006E9E4A /* MemoryCards.xcdatamodel */ = {isa = PBXFileReference; lastKnownFileType = wrapper.xcdatamodel; path = MemoryCards.xcdatamodel; sourceTree = "<group>"; };
		198678732608BE25006E9E4A /* Info.plist */ = {isa = PBXFileReference; lastKnownFileType = text.plist.xml; path = Info.plist; sourceTree = "<group>"; };
		1986787A2608BEA4006E9E4A /* HomeView.swift */ = {isa = PBXFileReference; lastKnownFileType = sourcecode.swift; path = HomeView.swift; sourceTree = "<group>"; };
		1986787F2608BF32006E9E4A /* Card.swift */ = {isa = PBXFileReference; lastKnownFileType = sourcecode.swift; path = Card.swift; sourceTree = "<group>"; };
		198678832608BF6C006E9E4A /* CardSet.swift */ = {isa = PBXFileReference; lastKnownFileType = sourcecode.swift; path = CardSet.swift; sourceTree = "<group>"; };
		198678872608D189006E9E4A /* CardSetView.swift */ = {isa = PBXFileReference; lastKnownFileType = sourcecode.swift; path = CardSetView.swift; sourceTree = "<group>"; };
		19FA82692608F1540084D68C /* CardSetDetailsView.swift */ = {isa = PBXFileReference; lastKnownFileType = sourcecode.swift; path = CardSetDetailsView.swift; sourceTree = "<group>"; };
		19FA826E2608F18E0084D68C /* CardSetMock.swift */ = {isa = PBXFileReference; lastKnownFileType = sourcecode.swift; path = CardSetMock.swift; sourceTree = "<group>"; };
		19FA82732608F1ED0084D68C /* String+Extensions.swift */ = {isa = PBXFileReference; lastKnownFileType = sourcecode.swift; path = "String+Extensions.swift"; sourceTree = "<group>"; };
/* End PBXFileReference section */

/* Begin PBXFrameworksBuildPhase section */
		1986785F2608BE21006E9E4A /* Frameworks */ = {
			isa = PBXFrameworksBuildPhase;
			buildActionMask = 2147483647;
			files = (
			);
			runOnlyForDeploymentPostprocessing = 0;
		};
/* End PBXFrameworksBuildPhase section */

/* Begin PBXGroup section */
		198678592608BE21006E9E4A = {
			isa = PBXGroup;
			children = (
				198678642608BE21006E9E4A /* MemoryCards */,
				198678632608BE21006E9E4A /* Products */,
			);
			sourceTree = "<group>";
		};
		198678632608BE21006E9E4A /* Products */ = {
			isa = PBXGroup;
			children = (
				198678622608BE21006E9E4A /* MemoryCards.app */,
			);
			name = Products;
			sourceTree = "<group>";
		};
		198678642608BE21006E9E4A /* MemoryCards */ = {
			isa = PBXGroup;
			children = (
				19FA82722608F1E20084D68C /* Extensions */,
				19FA826D2608F1840084D68C /* Mocks */,
				19FA82682608F1110084D68C /* CardSetDetails */,
				1986788A2608EF0D006E9E4A /* Home */,
				1986787E2608BF08006E9E4A /* Models */,
				198678652608BE21006E9E4A /* MemoryCardsApp.swift */,
				198678692608BE25006E9E4A /* Assets.xcassets */,
				1986786E2608BE25006E9E4A /* Persistence.swift */,
				198678732608BE25006E9E4A /* Info.plist */,
				198678702608BE25006E9E4A /* MemoryCards.xcdatamodeld */,
				1986786B2608BE25006E9E4A /* Preview Content */,
			);
			path = MemoryCards;
			sourceTree = "<group>";
		};
		1986786B2608BE25006E9E4A /* Preview Content */ = {
			isa = PBXGroup;
			children = (
				1986786C2608BE25006E9E4A /* Preview Assets.xcassets */,
			);
			path = "Preview Content";
			sourceTree = "<group>";
		};
		1986787E2608BF08006E9E4A /* Models */ = {
			isa = PBXGroup;
			children = (
				1986787F2608BF32006E9E4A /* Card.swift */,
				198678832608BF6C006E9E4A /* CardSet.swift */,
			);
			path = Models;
			sourceTree = "<group>";
		};
		198678862608D17A006E9E4A /* CardSetView */ = {
			isa = PBXGroup;
			children = (
				198678872608D189006E9E4A /* CardSetView.swift */,
			);
			path = CardSetView;
			sourceTree = "<group>";
		};
		1986788A2608EF0D006E9E4A /* Home */ = {
			isa = PBXGroup;
			children = (
				198678862608D17A006E9E4A /* CardSetView */,
				1986787A2608BEA4006E9E4A /* HomeView.swift */,
			);
			path = Home;
			sourceTree = "<group>";
		};
		19FA82682608F1110084D68C /* CardSetDetails */ = {
			isa = PBXGroup;
			children = (
				19FA82692608F1540084D68C /* CardSetDetailsView.swift */,
			);
			path = CardSetDetails;
			sourceTree = "<group>";
		};
		19FA826D2608F1840084D68C /* Mocks */ = {
			isa = PBXGroup;
			children = (
				19FA826E2608F18E0084D68C /* CardSetMock.swift */,
			);
			path = Mocks;
			sourceTree = "<group>";
		};
		19FA82722608F1E20084D68C /* Extensions */ = {
			isa = PBXGroup;
			children = (
				19FA82732608F1ED0084D68C /* String+Extensions.swift */,
			);
			path = Extensions;
			sourceTree = "<group>";
		};
/* End PBXGroup section */

/* Begin PBXNativeTarget section */
		198678612608BE21006E9E4A /* MemoryCards */ = {
			isa = PBXNativeTarget;
			buildConfigurationList = 198678762608BE25006E9E4A /* Build configuration list for PBXNativeTarget "MemoryCards" */;
			buildPhases = (
				1986785E2608BE21006E9E4A /* Sources */,
				1986785F2608BE21006E9E4A /* Frameworks */,
				198678602608BE21006E9E4A /* Resources */,
			);
			buildRules = (
			);
			dependencies = (
			);
			name = MemoryCards;
			productName = MemoryCards;
			productReference = 198678622608BE21006E9E4A /* MemoryCards.app */;
			productType = "com.apple.product-type.application";
		};
/* End PBXNativeTarget section */

/* Begin PBXProject section */
		1986785A2608BE21006E9E4A /* Project object */ = {
			isa = PBXProject;
			attributes = {
				LastSwiftUpdateCheck = 1240;
				LastUpgradeCheck = 1240;
				TargetAttributes = {
					198678612608BE21006E9E4A = {
						CreatedOnToolsVersion = 12.4;
					};
				};
			};
			buildConfigurationList = 1986785D2608BE21006E9E4A /* Build configuration list for PBXProject "MemoryCards" */;
			compatibilityVersion = "Xcode 9.3";
			developmentRegion = en;
			hasScannedForEncodings = 0;
			knownRegions = (
				en,
				Base,
			);
			mainGroup = 198678592608BE21006E9E4A;
			productRefGroup = 198678632608BE21006E9E4A /* Products */;
			projectDirPath = "";
			projectRoot = "";
			targets = (
				198678612608BE21006E9E4A /* MemoryCards */,
			);
		};
/* End PBXProject section */

/* Begin PBXResourcesBuildPhase section */
		198678602608BE21006E9E4A /* Resources */ = {
			isa = PBXResourcesBuildPhase;
			buildActionMask = 2147483647;
			files = (
				1986786D2608BE25006E9E4A /* Preview Assets.xcassets in Resources */,
				1986786A2608BE25006E9E4A /* Assets.xcassets in Resources */,
			);
			runOnlyForDeploymentPostprocessing = 0;
		};
/* End PBXResourcesBuildPhase section */

/* Begin PBXSourcesBuildPhase section */
		1986785E2608BE21006E9E4A /* Sources */ = {
			isa = PBXSourcesBuildPhase;
			buildActionMask = 2147483647;
			files = (
				19FA82742608F1ED0084D68C /* String+Extensions.swift in Sources */,
				1986786F2608BE25006E9E4A /* Persistence.swift in Sources */,
				198678882608D189006E9E4A /* CardSetView.swift in Sources */,
				19FA826A2608F1540084D68C /* CardSetDetailsView.swift in Sources */,
				198678722608BE25006E9E4A /* MemoryCards.xcdatamodeld in Sources */,
				19FA826F2608F18E0084D68C /* CardSetMock.swift in Sources */,
				198678802608BF32006E9E4A /* Card.swift in Sources */,
				1986787B2608BEA4006E9E4A /* HomeView.swift in Sources */,
				198678842608BF6C006E9E4A /* CardSet.swift in Sources */,
				198678662608BE21006E9E4A /* MemoryCardsApp.swift in Sources */,
			);
			runOnlyForDeploymentPostprocessing = 0;
		};
/* End PBXSourcesBuildPhase section */

/* Begin XCBuildConfiguration section */
		198678742608BE25006E9E4A /* Debug */ = {
			isa = XCBuildConfiguration;
			buildSettings = {
				ALWAYS_SEARCH_USER_PATHS = NO;
				CLANG_ANALYZER_NONNULL = YES;
				CLANG_ANALYZER_NUMBER_OBJECT_CONVERSION = YES_AGGRESSIVE;
				CLANG_CXX_LANGUAGE_STANDARD = "gnu++14";
				CLANG_CXX_LIBRARY = "libc++";
				CLANG_ENABLE_MODULES = YES;
				CLANG_ENABLE_OBJC_ARC = YES;
				CLANG_ENABLE_OBJC_WEAK = YES;
				CLANG_WARN_BLOCK_CAPTURE_AUTORELEASING = YES;
				CLANG_WARN_BOOL_CONVERSION = YES;
				CLANG_WARN_COMMA = YES;
				CLANG_WARN_CONSTANT_CONVERSION = YES;
				CLANG_WARN_DEPRECATED_OBJC_IMPLEMENTATIONS = YES;
				CLANG_WARN_DIRECT_OBJC_ISA_USAGE = YES_ERROR;
				CLANG_WARN_DOCUMENTATION_COMMENTS = YES;
				CLANG_WARN_EMPTY_BODY = YES;
				CLANG_WARN_ENUM_CONVERSION = YES;
				CLANG_WARN_INFINITE_RECURSION = YES;
				CLANG_WARN_INT_CONVERSION = YES;
				CLANG_WARN_NON_LITERAL_NULL_CONVERSION = YES;
				CLANG_WARN_OBJC_IMPLICIT_RETAIN_SELF = YES;
				CLANG_WARN_OBJC_LITERAL_CONVERSION = YES;
				CLANG_WARN_OBJC_ROOT_CLASS = YES_ERROR;
				CLANG_WARN_QUOTED_INCLUDE_IN_FRAMEWORK_HEADER = YES;
				CLANG_WARN_RANGE_LOOP_ANALYSIS = YES;
				CLANG_WARN_STRICT_PROTOTYPES = YES;
				CLANG_WARN_SUSPICIOUS_MOVE = YES;
				CLANG_WARN_UNGUARDED_AVAILABILITY = YES_AGGRESSIVE;
				CLANG_WARN_UNREACHABLE_CODE = YES;
				CLANG_WARN__DUPLICATE_METHOD_MATCH = YES;
				COPY_PHASE_STRIP = NO;
				DEBUG_INFORMATION_FORMAT = dwarf;
				ENABLE_STRICT_OBJC_MSGSEND = YES;
				ENABLE_TESTABILITY = YES;
				GCC_C_LANGUAGE_STANDARD = gnu11;
				GCC_DYNAMIC_NO_PIC = NO;
				GCC_NO_COMMON_BLOCKS = YES;
				GCC_OPTIMIZATION_LEVEL = 0;
				GCC_PREPROCESSOR_DEFINITIONS = (
					"DEBUG=1",
					"$(inherited)",
				);
				GCC_WARN_64_TO_32_BIT_CONVERSION = YES;
				GCC_WARN_ABOUT_RETURN_TYPE = YES_ERROR;
				GCC_WARN_UNDECLARED_SELECTOR = YES;
				GCC_WARN_UNINITIALIZED_AUTOS = YES_AGGRESSIVE;
				GCC_WARN_UNUSED_FUNCTION = YES;
				GCC_WARN_UNUSED_VARIABLE = YES;
				IPHONEOS_DEPLOYMENT_TARGET = 14.4;
				MTL_ENABLE_DEBUG_INFO = INCLUDE_SOURCE;
				MTL_FAST_MATH = YES;
				ONLY_ACTIVE_ARCH = YES;
				SDKROOT = iphoneos;
				SWIFT_ACTIVE_COMPILATION_CONDITIONS = DEBUG;
				SWIFT_OPTIMIZATION_LEVEL = "-Onone";
			};
			name = Debug;
		};
		198678752608BE25006E9E4A /* Release */ = {
			isa = XCBuildConfiguration;
			buildSettings = {
				ALWAYS_SEARCH_USER_PATHS = NO;
				CLANG_ANALYZER_NONNULL = YES;
				CLANG_ANALYZER_NUMBER_OBJECT_CONVERSION = YES_AGGRESSIVE;
				CLANG_CXX_LANGUAGE_STANDARD = "gnu++14";
				CLANG_CXX_LIBRARY = "libc++";
				CLANG_ENABLE_MODULES = YES;
				CLANG_ENABLE_OBJC_ARC = YES;
				CLANG_ENABLE_OBJC_WEAK = YES;
				CLANG_WARN_BLOCK_CAPTURE_AUTORELEASING = YES;
				CLANG_WARN_BOOL_CONVERSION = YES;
				CLANG_WARN_COMMA = YES;
				CLANG_WARN_CONSTANT_CONVERSION = YES;
				CLANG_WARN_DEPRECATED_OBJC_IMPLEMENTATIONS = YES;
				CLANG_WARN_DIRECT_OBJC_ISA_USAGE = YES_ERROR;
				CLANG_WARN_DOCUMENTATION_COMMENTS = YES;
				CLANG_WARN_EMPTY_BODY = YES;
				CLANG_WARN_ENUM_CONVERSION = YES;
				CLANG_WARN_INFINITE_RECURSION = YES;
				CLANG_WARN_INT_CONVERSION = YES;
				CLANG_WARN_NON_LITERAL_NULL_CONVERSION = YES;
				CLANG_WARN_OBJC_IMPLICIT_RETAIN_SELF = YES;
				CLANG_WARN_OBJC_LITERAL_CONVERSION = YES;
				CLANG_WARN_OBJC_ROOT_CLASS = YES_ERROR;
				CLANG_WARN_QUOTED_INCLUDE_IN_FRAMEWORK_HEADER = YES;
				CLANG_WARN_RANGE_LOOP_ANALYSIS = YES;
				CLANG_WARN_STRICT_PROTOTYPES = YES;
				CLANG_WARN_SUSPICIOUS_MOVE = YES;
				CLANG_WARN_UNGUARDED_AVAILABILITY = YES_AGGRESSIVE;
				CLANG_WARN_UNREACHABLE_CODE = YES;
				CLANG_WARN__DUPLICATE_METHOD_MATCH = YES;
				COPY_PHASE_STRIP = NO;
				DEBUG_INFORMATION_FORMAT = "dwarf-with-dsym";
				ENABLE_NS_ASSERTIONS = NO;
				ENABLE_STRICT_OBJC_MSGSEND = YES;
				GCC_C_LANGUAGE_STANDARD = gnu11;
				GCC_NO_COMMON_BLOCKS = YES;
				GCC_WARN_64_TO_32_BIT_CONVERSION = YES;
				GCC_WARN_ABOUT_RETURN_TYPE = YES_ERROR;
				GCC_WARN_UNDECLARED_SELECTOR = YES;
				GCC_WARN_UNINITIALIZED_AUTOS = YES_AGGRESSIVE;
				GCC_WARN_UNUSED_FUNCTION = YES;
				GCC_WARN_UNUSED_VARIABLE = YES;
				IPHONEOS_DEPLOYMENT_TARGET = 14.4;
				MTL_ENABLE_DEBUG_INFO = NO;
				MTL_FAST_MATH = YES;
				SDKROOT = iphoneos;
				SWIFT_COMPILATION_MODE = wholemodule;
				SWIFT_OPTIMIZATION_LEVEL = "-O";
				VALIDATE_PRODUCT = YES;
			};
			name = Release;
		};
		198678772608BE25006E9E4A /* Debug */ = {
			isa = XCBuildConfiguration;
			buildSettings = {
				ASSETCATALOG_COMPILER_APPICON_NAME = AppIcon;
				ASSETCATALOG_COMPILER_GLOBAL_ACCENT_COLOR_NAME = AccentColor;
				CODE_SIGN_STYLE = Automatic;
				DEVELOPMENT_ASSET_PATHS = "\"MemoryCards/Preview Content\"";
				DEVELOPMENT_TEAM = 499RHTV973;
				ENABLE_PREVIEWS = YES;
				INFOPLIST_FILE = MemoryCards/Info.plist;
				IPHONEOS_DEPLOYMENT_TARGET = 14.0;
				LD_RUNPATH_SEARCH_PATHS = (
					"$(inherited)",
					"@executable_path/Frameworks",
				);
				PRODUCT_BUNDLE_IDENTIFIER = com.kievkao.MemoryCards;
				PRODUCT_NAME = "$(TARGET_NAME)";
				SWIFT_VERSION = 5.0;
				TARGETED_DEVICE_FAMILY = "1,2";
			};
			name = Debug;
		};
		198678782608BE25006E9E4A /* Release */ = {
			isa = XCBuildConfiguration;
			buildSettings = {
				ASSETCATALOG_COMPILER_APPICON_NAME = AppIcon;
				ASSETCATALOG_COMPILER_GLOBAL_ACCENT_COLOR_NAME = AccentColor;
				CODE_SIGN_STYLE = Automatic;
				DEVELOPMENT_ASSET_PATHS = "\"MemoryCards/Preview Content\"";
				DEVELOPMENT_TEAM = 499RHTV973;
				ENABLE_PREVIEWS = YES;
				INFOPLIST_FILE = MemoryCards/Info.plist;
				IPHONEOS_DEPLOYMENT_TARGET = 14.0;
				LD_RUNPATH_SEARCH_PATHS = (
					"$(inherited)",
					"@executable_path/Frameworks",
				);
				PRODUCT_BUNDLE_IDENTIFIER = com.kievkao.MemoryCards;
				PRODUCT_NAME = "$(TARGET_NAME)";
				SWIFT_VERSION = 5.0;
				TARGETED_DEVICE_FAMILY = "1,2";
			};
			name = Release;
		};
/* End XCBuildConfiguration section */

/* Begin XCConfigurationList section */
		1986785D2608BE21006E9E4A /* Build configuration list for PBXProject "MemoryCards" */ = {
			isa = XCConfigurationList;
			buildConfigurations = (
				198678742608BE25006E9E4A /* Debug */,
				198678752608BE25006E9E4A /* Release */,
			);
			defaultConfigurationIsVisible = 0;
			defaultConfigurationName = Release;
		};
		198678762608BE25006E9E4A /* Build configuration list for PBXNativeTarget "MemoryCards" */ = {
			isa = XCConfigurationList;
			buildConfigurations = (
				198678772608BE25006E9E4A /* Debug */,
				198678782608BE25006E9E4A /* Release */,
			);
			defaultConfigurationIsVisible = 0;
			defaultConfigurationName = Release;
		};
/* End XCConfigurationList section */

/* Begin XCVersionGroup section */
		198678702608BE25006E9E4A /* MemoryCards.xcdatamodeld */ = {
			isa = XCVersionGroup;
			children = (
				198678712608BE25006E9E4A /* MemoryCards.xcdatamodel */,
			);
			currentVersion = 198678712608BE25006E9E4A /* MemoryCards.xcdatamodel */;
			path = MemoryCards.xcdatamodeld;
			sourceTree = "<group>";
			versionGroupType = wrapper.xcdatamodel;
		};
/* End XCVersionGroup section */
	};
	rootObject = 1986785A2608BE21006E9E4A /* Project object */;
}
